
Microsoft Visual Studio Solution File, Format Version 12.00
# Visual Studio 15
VisualStudioVersion = 15.0.27428.2037
MinimumVisualStudioVersion = 10.0.40219.1
Project("{FAE04EC0-301F-11D3-BF4B-00C04F79EFBC}") = "WebApplicationTaskB", "WebApplicationTaskB\WebApplicationTaskB.csproj", "{BC38CF3A-0BDD-44D4-AD70-55AEE14F7267}"
EndProject
Project("{FAE04EC0-301F-11D3-BF4B-00C04F79EFBC}") = "WebApplicationTaskB.Tests", "WebApplicationTaskB.Tests\WebApplicationTaskB.Tests.csproj", "{3800F20D-0A4D-4B3A-818B-CA74ECDB2550}"
EndProject
Global
	GlobalSection(SolutionConfigurationPlatforms) = preSolution
		Debug|Any CPU = Debug|Any CPU
		Release|Any CPU = Release|Any CPU
	EndGlobalSection
	GlobalSection(ProjectConfigurationPlatforms) = postSolution
		{BC38CF3A-0BDD-44D4-AD70-55AEE14F7267}.Debug|Any CPU.ActiveCfg = Debug|Any CPU
		{BC38CF3A-0BDD-44D4-AD70-55AEE14F7267}.Debug|Any CPU.Build.0 = Debug|Any CPU
		{BC38CF3A-0BDD-44D4-AD70-55AEE14F7267}.Release|Any CPU.ActiveCfg = Release|Any CPU
		{BC38CF3A-0BDD-44D4-AD70-55AEE14F7267}.Release|Any CPU.Build.0 = Release|Any CPU
		{3800F20D-0A4D-4B3A-818B-CA74ECDB2550}.Debug|Any CPU.ActiveCfg = Debug|Any CPU
		{3800F20D-0A4D-4B3A-818B-CA74ECDB2550}.Debug|Any CPU.Build.0 = Debug|Any CPU
		{3800F20D-0A4D-4B3A-818B-CA74ECDB2550}.Release|Any CPU.ActiveCfg = Release|Any CPU
		{3800F20D-0A4D-4B3A-818B-CA74ECDB2550}.Release|Any CPU.Build.0 = Release|Any CPU
	EndGlobalSection
	GlobalSection(SolutionProperties) = preSolution
		HideSolutionNode = FALSE
	EndGlobalSection
	GlobalSection(ExtensibilityGlobals) = postSolution
		SolutionGuid = {C87DB0FA-9034-4197-A207-2740B5B8782E}
	EndGlobalSection
EndGlobal
